
Microsoft Visual Studio Solution File, Format Version 12.00
# Visual Studio Version 17
VisualStudioVersion = 17.10.35027.167
MinimumVisualStudioVersion = 10.0.40219.1
Project("{FAE04EC0-301F-11D3-BF4B-00C04F79EFBC}") = "Report_NumberBaseball", "Report_NumberBaseball.csproj", "{06E76D06-F9AB-4F2F-978F-E3C5F3AE59E2}"
EndProject
Global
	GlobalSection(SolutionConfigurationPlatforms) = preSolution
		Debug|Any CPU = Debug|Any CPU
		Release|Any CPU = Release|Any CPU
	EndGlobalSection
	GlobalSection(ProjectConfigurationPlatforms) = postSolution
		{06E76D06-F9AB-4F2F-978F-E3C5F3AE59E2}.Debug|Any CPU.ActiveCfg = Debug|Any CPU
		{06E76D06-F9AB-4F2F-978F-E3C5F3AE59E2}.Debug|Any CPU.Build.0 = Debug|Any CPU
		{06E76D06-F9AB-4F2F-978F-E3C5F3AE59E2}.Release|Any CPU.ActiveCfg = Release|Any CPU
		{06E76D06-F9AB-4F2F-978F-E3C5F3AE59E2}.Release|Any CPU.Build.0 = Release|Any CPU
	EndGlobalSection
	GlobalSection(SolutionProperties) = preSolution
		HideSolutionNode = FALSE
	EndGlobalSection
	GlobalSection(ExtensibilityGlobals) = postSolution
		SolutionGuid = {561311B3-008B-4FB8-807D-2149DF36F039}
	EndGlobalSection
EndGlobal
