
Microsoft Visual Studio Solution File, Format Version 12.00
# Visual Studio Version 17
VisualStudioVersion = 17.10.35027.167
MinimumVisualStudioVersion = 10.0.40219.1
Project("{FAE04EC0-301F-11D3-BF4B-00C04F79EFBC}") = "Star_Paint", "Star_Paint.csproj", "{4994FD2E-BFDB-473B-8490-84189BE5DFD4}"
EndProject
Global
	GlobalSection(SolutionConfigurationPlatforms) = preSolution
		Debug|Any CPU = Debug|Any CPU
		Release|Any CPU = Release|Any CPU
	EndGlobalSection
	GlobalSection(ProjectConfigurationPlatforms) = postSolution
		{4994FD2E-BFDB-473B-8490-84189BE5DFD4}.Debug|Any CPU.ActiveCfg = Debug|Any CPU
		{4994FD2E-BFDB-473B-8490-84189BE5DFD4}.Debug|Any CPU.Build.0 = Debug|Any CPU
		{4994FD2E-BFDB-473B-8490-84189BE5DFD4}.Release|Any CPU.ActiveCfg = Release|Any CPU
		{4994FD2E-BFDB-473B-8490-84189BE5DFD4}.Release|Any CPU.Build.0 = Release|Any CPU
	EndGlobalSection
	GlobalSection(SolutionProperties) = preSolution
		HideSolutionNode = FALSE
	EndGlobalSection
	GlobalSection(ExtensibilityGlobals) = postSolution
		SolutionGuid = {548F7CE4-9714-4822-A7B1-8BDF50F9DCC2}
	EndGlobalSection
EndGlobal
