
Microsoft Visual Studio Solution File, Format Version 12.00
# Visual Studio Version 17
VisualStudioVersion = 17.10.35027.167
MinimumVisualStudioVersion = 10.0.40219.1
Project("{FAE04EC0-301F-11D3-BF4B-00C04F79EFBC}") = "Inheritance_Report2", "Inheritance_Report2.csproj", "{CE6EC069-29F3-4E14-8D98-4073272CBA16}"
EndProject
Global
	GlobalSection(SolutionConfigurationPlatforms) = preSolution
		Debug|Any CPU = Debug|Any CPU
		Release|Any CPU = Release|Any CPU
	EndGlobalSection
	GlobalSection(ProjectConfigurationPlatforms) = postSolution
		{CE6EC069-29F3-4E14-8D98-4073272CBA16}.Debug|Any CPU.ActiveCfg = Debug|Any CPU
		{CE6EC069-29F3-4E14-8D98-4073272CBA16}.Debug|Any CPU.Build.0 = Debug|Any CPU
		{CE6EC069-29F3-4E14-8D98-4073272CBA16}.Release|Any CPU.ActiveCfg = Release|Any CPU
		{CE6EC069-29F3-4E14-8D98-4073272CBA16}.Release|Any CPU.Build.0 = Release|Any CPU
	EndGlobalSection
	GlobalSection(SolutionProperties) = preSolution
		HideSolutionNode = FALSE
	EndGlobalSection
	GlobalSection(ExtensibilityGlobals) = postSolution
		SolutionGuid = {8B52F6D1-1543-4A1B-AFBB-9902DC4A37CC}
	EndGlobalSection
EndGlobal
